
Microsoft Visual Studio Solution File, Format Version 12.00
# Visual Studio Version 16
VisualStudioVersion = 16.0.31729.503
MinimumVisualStudioVersion = 10.0.40219.1
Project("{9A19103F-16F7-4668-BE54-9A1E7A4F7556}") = "FileOperation", "FileOperation\FileOperation.csproj", "{ED347652-C75B-40BD-8356-0BA8E4191A28}"
EndProject
Project("{9A19103F-16F7-4668-BE54-9A1E7A4F7556}") = "TestForm", "TestForm\TestForm.csproj", "{8D41F623-0127-4AA1-815B-FFD3CF361963}"
EndProject
Global
	GlobalSection(SolutionConfigurationPlatforms) = preSolution
		Debug|Any CPU = Debug|Any CPU
		Release|Any CPU = Release|Any CPU
	EndGlobalSection
	GlobalSection(ProjectConfigurationPlatforms) = postSolution
		{ED347652-C75B-40BD-8356-0BA8E4191A28}.Debug|Any CPU.ActiveCfg = Debug|Any CPU
		{ED347652-C75B-40BD-8356-0BA8E4191A28}.Debug|Any CPU.Build.0 = Debug|Any CPU
		{ED347652-C75B-40BD-8356-0BA8E4191A28}.Release|Any CPU.ActiveCfg = Release|Any CPU
		{ED347652-C75B-40BD-8356-0BA8E4191A28}.Release|Any CPU.Build.0 = Release|Any CPU
		{8D41F623-0127-4AA1-815B-FFD3CF361963}.Debug|Any CPU.ActiveCfg = Debug|Any CPU
		{8D41F623-0127-4AA1-815B-FFD3CF361963}.Debug|Any CPU.Build.0 = Debug|Any CPU
		{8D41F623-0127-4AA1-815B-FFD3CF361963}.Release|Any CPU.ActiveCfg = Release|Any CPU
		{8D41F623-0127-4AA1-815B-FFD3CF361963}.Release|Any CPU.Build.0 = Release|Any CPU
	EndGlobalSection
	GlobalSection(SolutionProperties) = preSolution
		HideSolutionNode = FALSE
	EndGlobalSection
	GlobalSection(ExtensibilityGlobals) = postSolution
		SolutionGuid = {096785A4-5F1C-462D-8F19-E924C9F30136}
	EndGlobalSection
EndGlobal
